
Microsoft Visual Studio Solution File, Format Version 12.00
# Visual Studio Version 17
VisualStudioVersion = 17.8.34316.72
MinimumVisualStudioVersion = 10.0.40219.1
Project("{FAE04EC0-301F-11D3-BF4B-00C04F79EFBC}") = "JARDIM DIGITAL", "JARDIM DIGITAL\JARDIM DIGITAL.csproj", "{CBC8118C-A515-4E50-A1F7-B9F4A9B8DBE7}"
EndProject
Global
	GlobalSection(SolutionConfigurationPlatforms) = preSolution
		Debug|Any CPU = Debug|Any CPU
		Release|Any CPU = Release|Any CPU
	EndGlobalSection
	GlobalSection(ProjectConfigurationPlatforms) = postSolution
		{CBC8118C-A515-4E50-A1F7-B9F4A9B8DBE7}.Debug|Any CPU.ActiveCfg = Debug|Any CPU
		{CBC8118C-A515-4E50-A1F7-B9F4A9B8DBE7}.Debug|Any CPU.Build.0 = Debug|Any CPU
		{CBC8118C-A515-4E50-A1F7-B9F4A9B8DBE7}.Release|Any CPU.ActiveCfg = Release|Any CPU
		{CBC8118C-A515-4E50-A1F7-B9F4A9B8DBE7}.Release|Any CPU.Build.0 = Release|Any CPU
	EndGlobalSection
	GlobalSection(SolutionProperties) = preSolution
		HideSolutionNode = FALSE
	EndGlobalSection
	GlobalSection(ExtensibilityGlobals) = postSolution
		SolutionGuid = {20DA9497-BBFB-4446-B191-E48A9FE4E63F}
	EndGlobalSection
EndGlobal
