
Microsoft Visual Studio Solution File, Format Version 12.00
# Visual Studio Version 17
VisualStudioVersion = 17.8.34316.72
MinimumVisualStudioVersion = 10.0.40219.1
Project("{FAE04EC0-301F-11D3-BF4B-00C04F79EFBC}") = "CadastroUsuario.forms", "JardimDigital.forms\CadastroUsuario.forms.csproj", "{BF41E8CA-C64A-4AC8-AEFF-979996A546D7}"
EndProject
Global
	GlobalSection(SolutionConfigurationPlatforms) = preSolution
		Debug|Any CPU = Debug|Any CPU
		Release|Any CPU = Release|Any CPU
	EndGlobalSection
	GlobalSection(ProjectConfigurationPlatforms) = postSolution
		{BF41E8CA-C64A-4AC8-AEFF-979996A546D7}.Debug|Any CPU.ActiveCfg = Debug|Any CPU
		{BF41E8CA-C64A-4AC8-AEFF-979996A546D7}.Debug|Any CPU.Build.0 = Debug|Any CPU
		{BF41E8CA-C64A-4AC8-AEFF-979996A546D7}.Release|Any CPU.ActiveCfg = Release|Any CPU
		{BF41E8CA-C64A-4AC8-AEFF-979996A546D7}.Release|Any CPU.Build.0 = Release|Any CPU
	EndGlobalSection
	GlobalSection(SolutionProperties) = preSolution
		HideSolutionNode = FALSE
	EndGlobalSection
	GlobalSection(ExtensibilityGlobals) = postSolution
		SolutionGuid = {568245BF-2EB2-46D9-A327-BD20FECB14EC}
	EndGlobalSection
EndGlobal
