
Microsoft Visual Studio Solution File, Format Version 12.00
# Visual Studio Version 17
VisualStudioVersion = 17.8.34316.72
MinimumVisualStudioVersion = 10.0.40219.1
Project("{FAE04EC0-301F-11D3-BF4B-00C04F79EFBC}") = "JurosCompostos", "JurosCompostos\JurosCompostos.csproj", "{BA6D0609-5B7B-449E-997B-0436788A26B6}"
EndProject
Global
	GlobalSection(SolutionConfigurationPlatforms) = preSolution
		Debug|Any CPU = Debug|Any CPU
		Release|Any CPU = Release|Any CPU
	EndGlobalSection
	GlobalSection(ProjectConfigurationPlatforms) = postSolution
		{BA6D0609-5B7B-449E-997B-0436788A26B6}.Debug|Any CPU.ActiveCfg = Debug|Any CPU
		{BA6D0609-5B7B-449E-997B-0436788A26B6}.Debug|Any CPU.Build.0 = Debug|Any CPU
		{BA6D0609-5B7B-449E-997B-0436788A26B6}.Release|Any CPU.ActiveCfg = Release|Any CPU
		{BA6D0609-5B7B-449E-997B-0436788A26B6}.Release|Any CPU.Build.0 = Release|Any CPU
	EndGlobalSection
	GlobalSection(SolutionProperties) = preSolution
		HideSolutionNode = FALSE
	EndGlobalSection
	GlobalSection(ExtensibilityGlobals) = postSolution
		SolutionGuid = {B282357E-3897-4BBA-9957-B15949C6B3E5}
	EndGlobalSection
EndGlobal
