
Microsoft Visual Studio Solution File, Format Version 12.00
# Visual Studio Version 17
VisualStudioVersion = 17.8.34316.72
MinimumVisualStudioVersion = 10.0.40219.1
Project("{FAE04EC0-301F-11D3-BF4B-00C04F79EFBC}") = "TestEquacao2Grau", "TestEquacao2Grau\TestEquacao2Grau.csproj", "{5786973A-3C43-4C65-B09B-57340B0F4D0C}"
EndProject
Project("{FAE04EC0-301F-11D3-BF4B-00C04F79EFBC}") = "BibliotecaEquacao2Grau", "BibliotecaEquacao2Grau\BibliotecaEquacao2Grau.csproj", "{48B0720F-13C1-45BB-9C13-A70EF21F5CD4}"
EndProject
Global
	GlobalSection(SolutionConfigurationPlatforms) = preSolution
		Debug|Any CPU = Debug|Any CPU
		Release|Any CPU = Release|Any CPU
	EndGlobalSection
	GlobalSection(ProjectConfigurationPlatforms) = postSolution
		{5786973A-3C43-4C65-B09B-57340B0F4D0C}.Debug|Any CPU.ActiveCfg = Debug|Any CPU
		{5786973A-3C43-4C65-B09B-57340B0F4D0C}.Debug|Any CPU.Build.0 = Debug|Any CPU
		{5786973A-3C43-4C65-B09B-57340B0F4D0C}.Release|Any CPU.ActiveCfg = Release|Any CPU
		{5786973A-3C43-4C65-B09B-57340B0F4D0C}.Release|Any CPU.Build.0 = Release|Any CPU
		{48B0720F-13C1-45BB-9C13-A70EF21F5CD4}.Debug|Any CPU.ActiveCfg = Debug|Any CPU
		{48B0720F-13C1-45BB-9C13-A70EF21F5CD4}.Debug|Any CPU.Build.0 = Debug|Any CPU
		{48B0720F-13C1-45BB-9C13-A70EF21F5CD4}.Release|Any CPU.ActiveCfg = Release|Any CPU
		{48B0720F-13C1-45BB-9C13-A70EF21F5CD4}.Release|Any CPU.Build.0 = Release|Any CPU
	EndGlobalSection
	GlobalSection(SolutionProperties) = preSolution
		HideSolutionNode = FALSE
	EndGlobalSection
	GlobalSection(ExtensibilityGlobals) = postSolution
		SolutionGuid = {989BAFD0-7783-43D0-B835-4254A0F28505}
	EndGlobalSection
EndGlobal
